// !$*UTF8*$!
{
	archiveVersion = 1;
	classes = {
	};
	objectVersion = 48;
	objects = {

/* Begin PBXBuildFile section */
		A21245321FEADEF20040E8E8 /* AppDelegate.swift in Sources */ = {isa = PBXBuildFile; fileRef = A21245311FEADEF20040E8E8 /* AppDelegate.swift */; };
		A21245391FEADEF20040E8E8 /* Assets.xcassets in Resources */ = {isa = PBXBuildFile; fileRef = A21245381FEADEF20040E8E8 /* Assets.xcassets */; };
		A212453C1FEADEF20040E8E8 /* LaunchScreen.storyboard in Resources */ = {isa = PBXBuildFile; fileRef = A212453A1FEADEF20040E8E8 /* LaunchScreen.storyboard */; };
		A21245471FEADEF20040E8E8 /* POC3Tests.swift in Sources */ = {isa = PBXBuildFile; fileRef = A21245461FEADEF20040E8E8 /* POC3Tests.swift */; };
		A21245521FEADEF20040E8E8 /* POC3UITests.swift in Sources */ = {isa = PBXBuildFile; fileRef = A21245511FEADEF20040E8E8 /* POC3UITests.swift */; };
		A21245601FEADFDE0040E8E8 /* Coordinator.swift in Sources */ = {isa = PBXBuildFile; fileRef = A212455F1FEADFDE0040E8E8 /* Coordinator.swift */; };
		A21245641FEAF3D90040E8E8 /* TabBarCoordinator.swift in Sources */ = {isa = PBXBuildFile; fileRef = A21245631FEAF3D90040E8E8 /* TabBarCoordinator.swift */; };
		A21245661FEAFE3E0040E8E8 /* FirstTabCoordinator.swift in Sources */ = {isa = PBXBuildFile; fileRef = A21245651FEAFE3E0040E8E8 /* FirstTabCoordinator.swift */; };
		A21245681FEAFEB60040E8E8 /* SecondTabCoordinator.swift in Sources */ = {isa = PBXBuildFile; fileRef = A21245671FEAFEB60040E8E8 /* SecondTabCoordinator.swift */; };
		A212456A1FEAFF850040E8E8 /* ThirdTabCoordinator.swift in Sources */ = {isa = PBXBuildFile; fileRef = A21245691FEAFF850040E8E8 /* ThirdTabCoordinator.swift */; };
		A212456F1FEB057E0040E8E8 /* T1V1ViewController.swift in Sources */ = {isa = PBXBuildFile; fileRef = A212456D1FEB057E0040E8E8 /* T1V1ViewController.swift */; };
		A21245701FEB057E0040E8E8 /* T1V1ViewController.xib in Resources */ = {isa = PBXBuildFile; fileRef = A212456E1FEB057E0040E8E8 /* T1V1ViewController.xib */; };
		A21245731FEB05EC0040E8E8 /* T2V1ViewController.swift in Sources */ = {isa = PBXBuildFile; fileRef = A21245711FEB05EC0040E8E8 /* T2V1ViewController.swift */; };
		A21245741FEB05EC0040E8E8 /* T2V1ViewController.xib in Resources */ = {isa = PBXBuildFile; fileRef = A21245721FEB05EC0040E8E8 /* T2V1ViewController.xib */; };
		A21245771FEB06430040E8E8 /* T3V1ViewController.swift in Sources */ = {isa = PBXBuildFile; fileRef = A21245751FEB06430040E8E8 /* T3V1ViewController.swift */; };
		A21245781FEB06430040E8E8 /* T3V1ViewController.xib in Resources */ = {isa = PBXBuildFile; fileRef = A21245761FEB06430040E8E8 /* T3V1ViewController.xib */; };
		A215D6D11FEC4B42001F1D51 /* T1V2ViewController.swift in Sources */ = {isa = PBXBuildFile; fileRef = A215D6CF1FEC4B42001F1D51 /* T1V2ViewController.swift */; };
		A215D6D21FEC4B42001F1D51 /* T1V2ViewController.xib in Resources */ = {isa = PBXBuildFile; fileRef = A215D6D01FEC4B42001F1D51 /* T1V2ViewController.xib */; };
		A215D6D61FEC4CFA001F1D51 /* T3V2ViewController.swift in Sources */ = {isa = PBXBuildFile; fileRef = A215D6D41FEC4CFA001F1D51 /* T3V2ViewController.swift */; };
		A215D6D71FEC4CFA001F1D51 /* T3V2ViewController.xib in Resources */ = {isa = PBXBuildFile; fileRef = A215D6D51FEC4CFA001F1D51 /* T3V2ViewController.xib */; };
		A215D6DB1FEC5100001F1D51 /* T2V2ViewController.swift in Sources */ = {isa = PBXBuildFile; fileRef = A215D6D91FEC5100001F1D51 /* T2V2ViewController.swift */; };
		A215D6DC1FEC5100001F1D51 /* T2V2ViewController.xib in Resources */ = {isa = PBXBuildFile; fileRef = A215D6DA1FEC5100001F1D51 /* T2V2ViewController.xib */; };
		A215D6E41FF2A237001F1D51 /* T1V3ViewController.swift in Sources */ = {isa = PBXBuildFile; fileRef = A215D6E21FF2A237001F1D51 /* T1V3ViewController.swift */; };
		A215D6E51FF2A237001F1D51 /* T1V3ViewController.xib in Resources */ = {isa = PBXBuildFile; fileRef = A215D6E31FF2A237001F1D51 /* T1V3ViewController.xib */; };
		A215D6E91FF2A6E5001F1D51 /* T3V3ViewController.swift in Sources */ = {isa = PBXBuildFile; fileRef = A215D6E71FF2A6E5001F1D51 /* T3V3ViewController.swift */; };
		A215D6EA1FF2A6E5001F1D51 /* T3V3ViewController.xib in Resources */ = {isa = PBXBuildFile; fileRef = A215D6E81FF2A6E5001F1D51 /* T3V3ViewController.xib */; };
		A215D6ED1FF2F6D0001F1D51 /* T1V4ViewController.swift in Sources */ = {isa = PBXBuildFile; fileRef = A215D6EB1FF2F6D0001F1D51 /* T1V4ViewController.swift */; };
		A215D6EE1FF2F6D0001F1D51 /* T1V4ViewController.xib in Resources */ = {isa = PBXBuildFile; fileRef = A215D6EC1FF2F6D0001F1D51 /* T1V4ViewController.xib */; };
		A215D6F11FF2F8AB001F1D51 /* T1V5ViewController.swift in Sources */ = {isa = PBXBuildFile; fileRef = A215D6EF1FF2F8AB001F1D51 /* T1V5ViewController.swift */; };
		A215D6F21FF2F8AB001F1D51 /* T1V5ViewController.xib in Resources */ = {isa = PBXBuildFile; fileRef = A215D6F01FF2F8AB001F1D51 /* T1V5ViewController.xib */; };
		A215D6F61FF2FBBB001F1D51 /* T2V3ViewController.swift in Sources */ = {isa = PBXBuildFile; fileRef = A215D6F41FF2FBBB001F1D51 /* T2V3ViewController.swift */; };
		A215D6F71FF2FBBB001F1D51 /* T2V3ViewController.xib in Resources */ = {isa = PBXBuildFile; fileRef = A215D6F51FF2FBBB001F1D51 /* T2V3ViewController.xib */; };
		A215D6FA1FF2FD66001F1D51 /* T2V4ViewController.swift in Sources */ = {isa = PBXBuildFile; fileRef = A215D6F81FF2FD66001F1D51 /* T2V4ViewController.swift */; };
		A215D6FB1FF2FD66001F1D51 /* T2V4ViewController.xib in Resources */ = {isa = PBXBuildFile; fileRef = A215D6F91FF2FD66001F1D51 /* T2V4ViewController.xib */; };
		A215D6FE1FF2FE8E001F1D51 /* T2V5ViewController.swift in Sources */ = {isa = PBXBuildFile; fileRef = A215D6FC1FF2FE8E001F1D51 /* T2V5ViewController.swift */; };
		A215D6FF1FF2FE8E001F1D51 /* T2V5ViewController.xib in Resources */ = {isa = PBXBuildFile; fileRef = A215D6FD1FF2FE8E001F1D51 /* T2V5ViewController.xib */; };
		A215D7031FF3020C001F1D51 /* T3V4ViewController.swift in Sources */ = {isa = PBXBuildFile; fileRef = A215D7011FF3020C001F1D51 /* T3V4ViewController.swift */; };
		A215D7041FF3020C001F1D51 /* T3V4ViewController.xib in Resources */ = {isa = PBXBuildFile; fileRef = A215D7021FF3020C001F1D51 /* T3V4ViewController.xib */; };
		A215D7081FF30380001F1D51 /* T3V5ViewController.swift in Sources */ = {isa = PBXBuildFile; fileRef = A215D7061FF30380001F1D51 /* T3V5ViewController.swift */; };
		A215D7091FF30380001F1D51 /* T3V5ViewController.xib in Resources */ = {isa = PBXBuildFile; fileRef = A215D7071FF30380001F1D51 /* T3V5ViewController.xib */; };
/* End PBXBuildFile section */

/* Begin PBXContainerItemProxy section */
		A21245431FEADEF20040E8E8 /* PBXContainerItemProxy */ = {
			isa = PBXContainerItemProxy;
			containerPortal = A21245261FEADEF20040E8E8 /* Project object */;
			proxyType = 1;
			remoteGlobalIDString = A212452D1FEADEF20040E8E8;
			remoteInfo = POC3;
		};
		A212454E1FEADEF20040E8E8 /* PBXContainerItemProxy */ = {
			isa = PBXContainerItemProxy;
			containerPortal = A21245261FEADEF20040E8E8 /* Project object */;
			proxyType = 1;
			remoteGlobalIDString = A212452D1FEADEF20040E8E8;
			remoteInfo = POC3;
		};
/* End PBXContainerItemProxy section */

/* Begin PBXFileReference section */
		A212452E1FEADEF20040E8E8 /* POC3.app */ = {isa = PBXFileReference; explicitFileType = wrapper.application; includeInIndex = 0; path = POC3.app; sourceTree = BUILT_PRODUCTS_DIR; };
		A21245311FEADEF20040E8E8 /* AppDelegate.swift */ = {isa = PBXFileReference; lastKnownFileType = sourcecode.swift; path = AppDelegate.swift; sourceTree = "<group>"; };
		A21245381FEADEF20040E8E8 /* Assets.xcassets */ = {isa = PBXFileReference; lastKnownFileType = folder.assetcatalog; path = Assets.xcassets; sourceTree = "<group>"; };
		A212453B1FEADEF20040E8E8 /* Base */ = {isa = PBXFileReference; lastKnownFileType = file.storyboard; name = Base; path = Base.lproj/LaunchScreen.storyboard; sourceTree = "<group>"; };
		A212453D1FEADEF20040E8E8 /* Info.plist */ = {isa = PBXFileReference; lastKnownFileType = text.plist.xml; path = Info.plist; sourceTree = "<group>"; };
		A21245421FEADEF20040E8E8 /* POC3Tests.xctest */ = {isa = PBXFileReference; explicitFileType = wrapper.cfbundle; includeInIndex = 0; path = POC3Tests.xctest; sourceTree = BUILT_PRODUCTS_DIR; };
		A21245461FEADEF20040E8E8 /* POC3Tests.swift */ = {isa = PBXFileReference; lastKnownFileType = sourcecode.swift; path = POC3Tests.swift; sourceTree = "<group>"; };
		A21245481FEADEF20040E8E8 /* Info.plist */ = {isa = PBXFileReference; lastKnownFileType = text.plist.xml; path = Info.plist; sourceTree = "<group>"; };
		A212454D1FEADEF20040E8E8 /* POC3UITests.xctest */ = {isa = PBXFileReference; explicitFileType = wrapper.cfbundle; includeInIndex = 0; path = POC3UITests.xctest; sourceTree = BUILT_PRODUCTS_DIR; };
		A21245511FEADEF20040E8E8 /* POC3UITests.swift */ = {isa = PBXFileReference; lastKnownFileType = sourcecode.swift; path = POC3UITests.swift; sourceTree = "<group>"; };
		A21245531FEADEF20040E8E8 /* Info.plist */ = {isa = PBXFileReference; lastKnownFileType = text.plist.xml; path = Info.plist; sourceTree = "<group>"; };
		A212455F1FEADFDE0040E8E8 /* Coordinator.swift */ = {isa = PBXFileReference; lastKnownFileType = sourcecode.swift; path = Coordinator.swift; sourceTree = "<group>"; };
		A21245631FEAF3D90040E8E8 /* TabBarCoordinator.swift */ = {isa = PBXFileReference; lastKnownFileType = sourcecode.swift; path = TabBarCoordinator.swift; sourceTree = "<group>"; };
		A21245651FEAFE3E0040E8E8 /* FirstTabCoordinator.swift */ = {isa = PBXFileReference; lastKnownFileType = sourcecode.swift; path = FirstTabCoordinator.swift; sourceTree = "<group>"; };
		A21245671FEAFEB60040E8E8 /* SecondTabCoordinator.swift */ = {isa = PBXFileReference; lastKnownFileType = sourcecode.swift; path = SecondTabCoordinator.swift; sourceTree = "<group>"; };
		A21245691FEAFF850040E8E8 /* ThirdTabCoordinator.swift */ = {isa = PBXFileReference; lastKnownFileType = sourcecode.swift; path = ThirdTabCoordinator.swift; sourceTree = "<group>"; };
		A212456D1FEB057E0040E8E8 /* T1V1ViewController.swift */ = {isa = PBXFileReference; lastKnownFileType = sourcecode.swift; path = T1V1ViewController.swift; sourceTree = "<group>"; };
		A212456E1FEB057E0040E8E8 /* T1V1ViewController.xib */ = {isa = PBXFileReference; lastKnownFileType = file.xib; path = T1V1ViewController.xib; sourceTree = "<group>"; };
		A21245711FEB05EC0040E8E8 /* T2V1ViewController.swift */ = {isa = PBXFileReference; lastKnownFileType = sourcecode.swift; path = T2V1ViewController.swift; sourceTree = "<group>"; };
		A21245721FEB05EC0040E8E8 /* T2V1ViewController.xib */ = {isa = PBXFileReference; lastKnownFileType = file.xib; path = T2V1ViewController.xib; sourceTree = "<group>"; };
		A21245751FEB06430040E8E8 /* T3V1ViewController.swift */ = {isa = PBXFileReference; lastKnownFileType = sourcecode.swift; path = T3V1ViewController.swift; sourceTree = "<group>"; };
		A21245761FEB06430040E8E8 /* T3V1ViewController.xib */ = {isa = PBXFileReference; lastKnownFileType = file.xib; path = T3V1ViewController.xib; sourceTree = "<group>"; };
		A215D6CF1FEC4B42001F1D51 /* T1V2ViewController.swift */ = {isa = PBXFileReference; lastKnownFileType = sourcecode.swift; path = T1V2ViewController.swift; sourceTree = "<group>"; };
		A215D6D01FEC4B42001F1D51 /* T1V2ViewController.xib */ = {isa = PBXFileReference; lastKnownFileType = file.xib; path = T1V2ViewController.xib; sourceTree = "<group>"; };
		A215D6D41FEC4CFA001F1D51 /* T3V2ViewController.swift */ = {isa = PBXFileReference; lastKnownFileType = sourcecode.swift; path = T3V2ViewController.swift; sourceTree = "<group>"; };
		A215D6D51FEC4CFA001F1D51 /* T3V2ViewController.xib */ = {isa = PBXFileReference; lastKnownFileType = file.xib; path = T3V2ViewController.xib; sourceTree = "<group>"; };
		A215D6D91FEC5100001F1D51 /* T2V2ViewController.swift */ = {isa = PBXFileReference; lastKnownFileType = sourcecode.swift; path = T2V2ViewController.swift; sourceTree = "<group>"; };
		A215D6DA1FEC5100001F1D51 /* T2V2ViewController.xib */ = {isa = PBXFileReference; lastKnownFileType = file.xib; path = T2V2ViewController.xib; sourceTree = "<group>"; };
		A215D6E21FF2A237001F1D51 /* T1V3ViewController.swift */ = {isa = PBXFileReference; lastKnownFileType = sourcecode.swift; path = T1V3ViewController.swift; sourceTree = "<group>"; };
		A215D6E31FF2A237001F1D51 /* T1V3ViewController.xib */ = {isa = PBXFileReference; lastKnownFileType = file.xib; path = T1V3ViewController.xib; sourceTree = "<group>"; };
		A215D6E71FF2A6E5001F1D51 /* T3V3ViewController.swift */ = {isa = PBXFileReference; lastKnownFileType = sourcecode.swift; path = T3V3ViewController.swift; sourceTree = "<group>"; };
		A215D6E81FF2A6E5001F1D51 /* T3V3ViewController.xib */ = {isa = PBXFileReference; lastKnownFileType = file.xib; path = T3V3ViewController.xib; sourceTree = "<group>"; };
		A215D6EB1FF2F6D0001F1D51 /* T1V4ViewController.swift */ = {isa = PBXFileReference; lastKnownFileType = sourcecode.swift; path = T1V4ViewController.swift; sourceTree = "<group>"; };
		A215D6EC1FF2F6D0001F1D51 /* T1V4ViewController.xib */ = {isa = PBXFileReference; lastKnownFileType = file.xib; path = T1V4ViewController.xib; sourceTree = "<group>"; };
		A215D6EF1FF2F8AB001F1D51 /* T1V5ViewController.swift */ = {isa = PBXFileReference; lastKnownFileType = sourcecode.swift; path = T1V5ViewController.swift; sourceTree = "<group>"; };
		A215D6F01FF2F8AB001F1D51 /* T1V5ViewController.xib */ = {isa = PBXFileReference; lastKnownFileType = file.xib; path = T1V5ViewController.xib; sourceTree = "<group>"; };
		A215D6F41FF2FBBB001F1D51 /* T2V3ViewController.swift */ = {isa = PBXFileReference; lastKnownFileType = sourcecode.swift; path = T2V3ViewController.swift; sourceTree = "<group>"; };
		A215D6F51FF2FBBB001F1D51 /* T2V3ViewController.xib */ = {isa = PBXFileReference; lastKnownFileType = file.xib; path = T2V3ViewController.xib; sourceTree = "<group>"; };
		A215D6F81FF2FD66001F1D51 /* T2V4ViewController.swift */ = {isa = PBXFileReference; lastKnownFileType = sourcecode.swift; path = T2V4ViewController.swift; sourceTree = "<group>"; };
		A215D6F91FF2FD66001F1D51 /* T2V4ViewController.xib */ = {isa = PBXFileReference; lastKnownFileType = file.xib; path = T2V4ViewController.xib; sourceTree = "<group>"; };
		A215D6FC1FF2FE8E001F1D51 /* T2V5ViewController.swift */ = {isa = PBXFileReference; lastKnownFileType = sourcecode.swift; path = T2V5ViewController.swift; sourceTree = "<group>"; };
		A215D6FD1FF2FE8E001F1D51 /* T2V5ViewController.xib */ = {isa = PBXFileReference; lastKnownFileType = file.xib; path = T2V5ViewController.xib; sourceTree = "<group>"; };
		A215D7011FF3020C001F1D51 /* T3V4ViewController.swift */ = {isa = PBXFileReference; lastKnownFileType = sourcecode.swift; path = T3V4ViewController.swift; sourceTree = "<group>"; };
		A215D7021FF3020C001F1D51 /* T3V4ViewController.xib */ = {isa = PBXFileReference; lastKnownFileType = file.xib; path = T3V4ViewController.xib; sourceTree = "<group>"; };
		A215D7061FF30380001F1D51 /* T3V5ViewController.swift */ = {isa = PBXFileReference; lastKnownFileType = sourcecode.swift; path = T3V5ViewController.swift; sourceTree = "<group>"; };
		A215D7071FF30380001F1D51 /* T3V5ViewController.xib */ = {isa = PBXFileReference; lastKnownFileType = file.xib; path = T3V5ViewController.xib; sourceTree = "<group>"; };
/* End PBXFileReference section */

/* Begin PBXFrameworksBuildPhase section */
		A212452B1FEADEF20040E8E8 /* Frameworks */ = {
			isa = PBXFrameworksBuildPhase;
			buildActionMask = 2147483647;
			files = (
			);
			runOnlyForDeploymentPostprocessing = 0;
		};
		A212453F1FEADEF20040E8E8 /* Frameworks */ = {
			isa = PBXFrameworksBuildPhase;
			buildActionMask = 2147483647;
			files = (
			);
			runOnlyForDeploymentPostprocessing = 0;
		};
		A212454A1FEADEF20040E8E8 /* Frameworks */ = {
			isa = PBXFrameworksBuildPhase;
			buildActionMask = 2147483647;
			files = (
			);
			runOnlyForDeploymentPostprocessing = 0;
		};
/* End PBXFrameworksBuildPhase section */

/* Begin PBXGroup section */
		A21245251FEADEF20040E8E8 = {
			isa = PBXGroup;
			children = (
				A21245301FEADEF20040E8E8 /* POC3 */,
				A21245451FEADEF20040E8E8 /* POC3Tests */,
				A21245501FEADEF20040E8E8 /* POC3UITests */,
				A212452F1FEADEF20040E8E8 /* Products */,
			);
			sourceTree = "<group>";
		};
		A212452F1FEADEF20040E8E8 /* Products */ = {
			isa = PBXGroup;
			children = (
				A212452E1FEADEF20040E8E8 /* POC3.app */,
				A21245421FEADEF20040E8E8 /* POC3Tests.xctest */,
				A212454D1FEADEF20040E8E8 /* POC3UITests.xctest */,
			);
			name = Products;
			sourceTree = "<group>";
		};
		A21245301FEADEF20040E8E8 /* POC3 */ = {
			isa = PBXGroup;
			children = (
				A21245311FEADEF20040E8E8 /* AppDelegate.swift */,
				A21245791FEB068F0040E8E8 /* Coordinators */,
				A212457A1FEB06A00040E8E8 /* TabBarFlow */,
				A21245381FEADEF20040E8E8 /* Assets.xcassets */,
				A212453A1FEADEF20040E8E8 /* LaunchScreen.storyboard */,
				A212453D1FEADEF20040E8E8 /* Info.plist */,
			);
			path = POC3;
			sourceTree = "<group>";
		};
		A21245451FEADEF20040E8E8 /* POC3Tests */ = {
			isa = PBXGroup;
			children = (
				A21245461FEADEF20040E8E8 /* POC3Tests.swift */,
				A21245481FEADEF20040E8E8 /* Info.plist */,
			);
			path = POC3Tests;
			sourceTree = "<group>";
		};
		A21245501FEADEF20040E8E8 /* POC3UITests */ = {
			isa = PBXGroup;
			children = (
				A21245511FEADEF20040E8E8 /* POC3UITests.swift */,
				A21245531FEADEF20040E8E8 /* Info.plist */,
			);
			path = POC3UITests;
			sourceTree = "<group>";
		};
		A21245791FEB068F0040E8E8 /* Coordinators */ = {
			isa = PBXGroup;
			children = (
				A212455F1FEADFDE0040E8E8 /* Coordinator.swift */,
			);
			path = Coordinators;
			sourceTree = "<group>";
		};
		A212457A1FEB06A00040E8E8 /* TabBarFlow */ = {
			isa = PBXGroup;
			children = (
				A21245631FEAF3D90040E8E8 /* TabBarCoordinator.swift */,
				A212457B1FEB06C70040E8E8 /* FirstTab */,
				A212457C1FEB06D30040E8E8 /* SecondTab */,
				A212457D1FEB06DD0040E8E8 /* ThirdTab */,
			);
			path = TabBarFlow;
			sourceTree = "<group>";
		};
		A212457B1FEB06C70040E8E8 /* FirstTab */ = {
			isa = PBXGroup;
			children = (
				A21245651FEAFE3E0040E8E8 /* FirstTabCoordinator.swift */,
				A212457E1FEC0D550040E8E8 /* T1V1VC */,
				A215D6CE1FEC4B06001F1D51 /* T1V2VC */,
				A215D6DD1FEC6361001F1D51 /* T1V3VC */,
				A215D6DE1FEC636D001F1D51 /* T1V4VC */,
				A215D6DF1FEC641B001F1D51 /* T1V5VC */,
			);
			path = FirstTab;
			sourceTree = "<group>";
		};
		A212457C1FEB06D30040E8E8 /* SecondTab */ = {
			isa = PBXGroup;
			children = (
				A21245671FEAFEB60040E8E8 /* SecondTabCoordinator.swift */,
				A212457F1FEC0EBC0040E8E8 /* T2V1VC */,
				A215D6D81FEC50E7001F1D51 /* T2V2VC */,
				A215D6E01FEC6449001F1D51 /* T2V3VC */,
				A215D6E11FEC6454001F1D51 /* T2V4VC */,
				A215D6F31FF2FA5B001F1D51 /* T2V5VC */,
			);
			path = SecondTab;
			sourceTree = "<group>";
		};
		A212457D1FEB06DD0040E8E8 /* ThirdTab */ = {
			isa = PBXGroup;
			children = (
				A21245691FEAFF850040E8E8 /* ThirdTabCoordinator.swift */,
				A21245801FEC0ECB0040E8E8 /* T3V1VC */,
				A215D6D31FEC4CE4001F1D51 /* T3V2VC */,
				A215D6E61FF2A668001F1D51 /* T3V3VC */,
				A215D7001FF30101001F1D51 /* T3V4VC */,
				A215D7051FF3035E001F1D51 /* T3V5VC */,
			);
			path = ThirdTab;
			sourceTree = "<group>";
		};
		A212457E1FEC0D550040E8E8 /* T1V1VC */ = {
			isa = PBXGroup;
			children = (
				A212456D1FEB057E0040E8E8 /* T1V1ViewController.swift */,
				A212456E1FEB057E0040E8E8 /* T1V1ViewController.xib */,
			);
			path = T1V1VC;
			sourceTree = "<group>";
		};
		A212457F1FEC0EBC0040E8E8 /* T2V1VC */ = {
			isa = PBXGroup;
			children = (
				A21245711FEB05EC0040E8E8 /* T2V1ViewController.swift */,
				A21245721FEB05EC0040E8E8 /* T2V1ViewController.xib */,
			);
			path = T2V1VC;
			sourceTree = "<group>";
		};
		A21245801FEC0ECB0040E8E8 /* T3V1VC */ = {
			isa = PBXGroup;
			children = (
				A21245751FEB06430040E8E8 /* T3V1ViewController.swift */,
				A21245761FEB06430040E8E8 /* T3V1ViewController.xib */,
			);
			path = T3V1VC;
			sourceTree = "<group>";
		};
		A215D6CE1FEC4B06001F1D51 /* T1V2VC */ = {
			isa = PBXGroup;
			children = (
				A215D6CF1FEC4B42001F1D51 /* T1V2ViewController.swift */,
				A215D6D01FEC4B42001F1D51 /* T1V2ViewController.xib */,
			);
			path = T1V2VC;
			sourceTree = "<group>";
		};
		A215D6D31FEC4CE4001F1D51 /* T3V2VC */ = {
			isa = PBXGroup;
			children = (
				A215D6D41FEC4CFA001F1D51 /* T3V2ViewController.swift */,
				A215D6D51FEC4CFA001F1D51 /* T3V2ViewController.xib */,
			);
			path = T3V2VC;
			sourceTree = "<group>";
		};
		A215D6D81FEC50E7001F1D51 /* T2V2VC */ = {
			isa = PBXGroup;
			children = (
				A215D6D91FEC5100001F1D51 /* T2V2ViewController.swift */,
				A215D6DA1FEC5100001F1D51 /* T2V2ViewController.xib */,
			);
			path = T2V2VC;
			sourceTree = "<group>";
		};
		A215D6DD1FEC6361001F1D51 /* T1V3VC */ = {
			isa = PBXGroup;
			children = (
				A215D6E21FF2A237001F1D51 /* T1V3ViewController.swift */,
				A215D6E31FF2A237001F1D51 /* T1V3ViewController.xib */,
			);
			path = T1V3VC;
			sourceTree = "<group>";
		};
		A215D6DE1FEC636D001F1D51 /* T1V4VC */ = {
			isa = PBXGroup;
			children = (
				A215D6EB1FF2F6D0001F1D51 /* T1V4ViewController.swift */,
				A215D6EC1FF2F6D0001F1D51 /* T1V4ViewController.xib */,
			);
			path = T1V4VC;
			sourceTree = "<group>";
		};
		A215D6DF1FEC641B001F1D51 /* T1V5VC */ = {
			isa = PBXGroup;
			children = (
				A215D6EF1FF2F8AB001F1D51 /* T1V5ViewController.swift */,
				A215D6F01FF2F8AB001F1D51 /* T1V5ViewController.xib */,
			);
			path = T1V5VC;
			sourceTree = "<group>";
		};
		A215D6E01FEC6449001F1D51 /* T2V3VC */ = {
			isa = PBXGroup;
			children = (
				A215D6F41FF2FBBB001F1D51 /* T2V3ViewController.swift */,
				A215D6F51FF2FBBB001F1D51 /* T2V3ViewController.xib */,
			);
			path = T2V3VC;
			sourceTree = "<group>";
		};
		A215D6E11FEC6454001F1D51 /* T2V4VC */ = {
			isa = PBXGroup;
			children = (
				A215D6F81FF2FD66001F1D51 /* T2V4ViewController.swift */,
				A215D6F91FF2FD66001F1D51 /* T2V4ViewController.xib */,
			);
			path = T2V4VC;
			sourceTree = "<group>";
		};
		A215D6E61FF2A668001F1D51 /* T3V3VC */ = {
			isa = PBXGroup;
			children = (
				A215D6E71FF2A6E5001F1D51 /* T3V3ViewController.swift */,
				A215D6E81FF2A6E5001F1D51 /* T3V3ViewController.xib */,
			);
			path = T3V3VC;
			sourceTree = "<group>";
		};
		A215D6F31FF2FA5B001F1D51 /* T2V5VC */ = {
			isa = PBXGroup;
			children = (
				A215D6FC1FF2FE8E001F1D51 /* T2V5ViewController.swift */,
				A215D6FD1FF2FE8E001F1D51 /* T2V5ViewController.xib */,
			);
			path = T2V5VC;
			sourceTree = "<group>";
		};
		A215D7001FF30101001F1D51 /* T3V4VC */ = {
			isa = PBXGroup;
			children = (
				A215D7011FF3020C001F1D51 /* T3V4ViewController.swift */,
				A215D7021FF3020C001F1D51 /* T3V4ViewController.xib */,
			);
			path = T3V4VC;
			sourceTree = "<group>";
		};
		A215D7051FF3035E001F1D51 /* T3V5VC */ = {
			isa = PBXGroup;
			children = (
				A215D7061FF30380001F1D51 /* T3V5ViewController.swift */,
				A215D7071FF30380001F1D51 /* T3V5ViewController.xib */,
			);
			path = T3V5VC;
			sourceTree = "<group>";
		};
/* End PBXGroup section */

/* Begin PBXNativeTarget section */
		A212452D1FEADEF20040E8E8 /* POC3 */ = {
			isa = PBXNativeTarget;
			buildConfigurationList = A21245561FEADEF20040E8E8 /* Build configuration list for PBXNativeTarget "POC3" */;
			buildPhases = (
				A212452A1FEADEF20040E8E8 /* Sources */,
				A212452B1FEADEF20040E8E8 /* Frameworks */,
				A212452C1FEADEF20040E8E8 /* Resources */,
			);
			buildRules = (
			);
			dependencies = (
			);
			name = POC3;
			productName = POC3;
			productReference = A212452E1FEADEF20040E8E8 /* POC3.app */;
			productType = "com.apple.product-type.application";
		};
		A21245411FEADEF20040E8E8 /* POC3Tests */ = {
			isa = PBXNativeTarget;
			buildConfigurationList = A21245591FEADEF20040E8E8 /* Build configuration list for PBXNativeTarget "POC3Tests" */;
			buildPhases = (
				A212453E1FEADEF20040E8E8 /* Sources */,
				A212453F1FEADEF20040E8E8 /* Frameworks */,
				A21245401FEADEF20040E8E8 /* Resources */,
			);
			buildRules = (
			);
			dependencies = (
				A21245441FEADEF20040E8E8 /* PBXTargetDependency */,
			);
			name = POC3Tests;
			productName = POC3Tests;
			productReference = A21245421FEADEF20040E8E8 /* POC3Tests.xctest */;
			productType = "com.apple.product-type.bundle.unit-test";
		};
		A212454C1FEADEF20040E8E8 /* POC3UITests */ = {
			isa = PBXNativeTarget;
			buildConfigurationList = A212455C1FEADEF20040E8E8 /* Build configuration list for PBXNativeTarget "POC3UITests" */;
			buildPhases = (
				A21245491FEADEF20040E8E8 /* Sources */,
				A212454A1FEADEF20040E8E8 /* Frameworks */,
				A212454B1FEADEF20040E8E8 /* Resources */,
			);
			buildRules = (
			);
			dependencies = (
				A212454F1FEADEF20040E8E8 /* PBXTargetDependency */,
			);
			name = POC3UITests;
			productName = POC3UITests;
			productReference = A212454D1FEADEF20040E8E8 /* POC3UITests.xctest */;
			productType = "com.apple.product-type.bundle.ui-testing";
		};
/* End PBXNativeTarget section */

/* Begin PBXProject section */
		A21245261FEADEF20040E8E8 /* Project object */ = {
			isa = PBXProject;
			attributes = {
				LastSwiftUpdateCheck = 0900;
				LastUpgradeCheck = 0900;
				ORGANIZATIONNAME = "Vivek Gollapally";
				TargetAttributes = {
					A212452D1FEADEF20040E8E8 = {
						CreatedOnToolsVersion = 9.0.1;
						ProvisioningStyle = Automatic;
					};
					A21245411FEADEF20040E8E8 = {
						CreatedOnToolsVersion = 9.0.1;
						ProvisioningStyle = Automatic;
						TestTargetID = A212452D1FEADEF20040E8E8;
					};
					A212454C1FEADEF20040E8E8 = {
						CreatedOnToolsVersion = 9.0.1;
						ProvisioningStyle = Automatic;
						TestTargetID = A212452D1FEADEF20040E8E8;
					};
				};
			};
			buildConfigurationList = A21245291FEADEF20040E8E8 /* Build configuration list for PBXProject "POC3" */;
			compatibilityVersion = "Xcode 8.0";
			developmentRegion = en;
			hasScannedForEncodings = 0;
			knownRegions = (
				en,
				Base,
			);
			mainGroup = A21245251FEADEF20040E8E8;
			productRefGroup = A212452F1FEADEF20040E8E8 /* Products */;
			projectDirPath = "";
			projectRoot = "";
			targets = (
				A212452D1FEADEF20040E8E8 /* POC3 */,
				A21245411FEADEF20040E8E8 /* POC3Tests */,
				A212454C1FEADEF20040E8E8 /* POC3UITests */,
			);
		};
/* End PBXProject section */

/* Begin PBXResourcesBuildPhase section */
		A212452C1FEADEF20040E8E8 /* Resources */ = {
			isa = PBXResourcesBuildPhase;
			buildActionMask = 2147483647;
			files = (
				A215D6FF1FF2FE8E001F1D51 /* T2V5ViewController.xib in Resources */,
				A21245781FEB06430040E8E8 /* T3V1ViewController.xib in Resources */,
				A212453C1FEADEF20040E8E8 /* LaunchScreen.storyboard in Resources */,
				A215D6F21FF2F8AB001F1D51 /* T1V5ViewController.xib in Resources */,
				A215D6D71FEC4CFA001F1D51 /* T3V2ViewController.xib in Resources */,
				A21245391FEADEF20040E8E8 /* Assets.xcassets in Resources */,
				A215D6EA1FF2A6E5001F1D51 /* T3V3ViewController.xib in Resources */,
				A215D7041FF3020C001F1D51 /* T3V4ViewController.xib in Resources */,
				A215D6DC1FEC5100001F1D51 /* T2V2ViewController.xib in Resources */,
				A215D6E51FF2A237001F1D51 /* T1V3ViewController.xib in Resources */,
				A215D6F71FF2FBBB001F1D51 /* T2V3ViewController.xib in Resources */,
				A215D7091FF30380001F1D51 /* T3V5ViewController.xib in Resources */,
				A21245741FEB05EC0040E8E8 /* T2V1ViewController.xib in Resources */,
				A215D6FB1FF2FD66001F1D51 /* T2V4ViewController.xib in Resources */,
				A21245701FEB057E0040E8E8 /* T1V1ViewController.xib in Resources */,
				A215D6EE1FF2F6D0001F1D51 /* T1V4ViewController.xib in Resources */,
				A215D6D21FEC4B42001F1D51 /* T1V2ViewController.xib in Resources */,
			);
			runOnlyForDeploymentPostprocessing = 0;
		};
		A21245401FEADEF20040E8E8 /* Resources */ = {
			isa = PBXResourcesBuildPhase;
			buildActionMask = 2147483647;
			files = (
			);
			runOnlyForDeploymentPostprocessing = 0;
		};
		A212454B1FEADEF20040E8E8 /* Resources */ = {
			isa = PBXResourcesBuildPhase;
			buildActionMask = 2147483647;
			files = (
			);
			runOnlyForDeploymentPostprocessing = 0;
		};
/* End PBXResourcesBuildPhase section */

/* Begin PBXSourcesBuildPhase section */
		A212452A1FEADEF20040E8E8 /* Sources */ = {
			isa = PBXSourcesBuildPhase;
			buildActionMask = 2147483647;
			files = (
				A215D6FA1FF2FD66001F1D51 /* T2V4ViewController.swift in Sources */,
				A215D6E91FF2A6E5001F1D51 /* T3V3ViewController.swift in Sources */,
				A215D6DB1FEC5100001F1D51 /* T2V2ViewController.swift in Sources */,
				A215D7031FF3020C001F1D51 /* T3V4ViewController.swift in Sources */,
				A215D7081FF30380001F1D51 /* T3V5ViewController.swift in Sources */,
				A215D6F11FF2F8AB001F1D51 /* T1V5ViewController.swift in Sources */,
				A215D6FE1FF2FE8E001F1D51 /* T2V5ViewController.swift in Sources */,
				A21245661FEAFE3E0040E8E8 /* FirstTabCoordinator.swift in Sources */,
				A215D6D11FEC4B42001F1D51 /* T1V2ViewController.swift in Sources */,
				A212456A1FEAFF850040E8E8 /* ThirdTabCoordinator.swift in Sources */,
				A21245771FEB06430040E8E8 /* T3V1ViewController.swift in Sources */,
				A21245681FEAFEB60040E8E8 /* SecondTabCoordinator.swift in Sources */,
				A215D6F61FF2FBBB001F1D51 /* T2V3ViewController.swift in Sources */,
				A212456F1FEB057E0040E8E8 /* T1V1ViewController.swift in Sources */,
				A21245321FEADEF20040E8E8 /* AppDelegate.swift in Sources */,
				A215D6D61FEC4CFA001F1D51 /* T3V2ViewController.swift in Sources */,
				A215D6ED1FF2F6D0001F1D51 /* T1V4ViewController.swift in Sources */,
				A215D6E41FF2A237001F1D51 /* T1V3ViewController.swift in Sources */,
				A21245641FEAF3D90040E8E8 /* TabBarCoordinator.swift in Sources */,
				A21245731FEB05EC0040E8E8 /* T2V1ViewController.swift in Sources */,
				A21245601FEADFDE0040E8E8 /* Coordinator.swift in Sources */,
			);
			runOnlyForDeploymentPostprocessing = 0;
		};
		A212453E1FEADEF20040E8E8 /* Sources */ = {
			isa = PBXSourcesBuildPhase;
			buildActionMask = 2147483647;
			files = (
				A21245471FEADEF20040E8E8 /* POC3Tests.swift in Sources */,
			);
			runOnlyForDeploymentPostprocessing = 0;
		};
		A21245491FEADEF20040E8E8 /* Sources */ = {
			isa = PBXSourcesBuildPhase;
			buildActionMask = 2147483647;
			files = (
				A21245521FEADEF20040E8E8 /* POC3UITests.swift in Sources */,
			);
			runOnlyForDeploymentPostprocessing = 0;
		};
/* End PBXSourcesBuildPhase section */

/* Begin PBXTargetDependency section */
		A21245441FEADEF20040E8E8 /* PBXTargetDependency */ = {
			isa = PBXTargetDependency;
			target = A212452D1FEADEF20040E8E8 /* POC3 */;
			targetProxy = A21245431FEADEF20040E8E8 /* PBXContainerItemProxy */;
		};
		A212454F1FEADEF20040E8E8 /* PBXTargetDependency */ = {
			isa = PBXTargetDependency;
			target = A212452D1FEADEF20040E8E8 /* POC3 */;
			targetProxy = A212454E1FEADEF20040E8E8 /* PBXContainerItemProxy */;
		};
/* End PBXTargetDependency section */

/* Begin PBXVariantGroup section */
		A212453A1FEADEF20040E8E8 /* LaunchScreen.storyboard */ = {
			isa = PBXVariantGroup;
			children = (
				A212453B1FEADEF20040E8E8 /* Base */,
			);
			name = LaunchScreen.storyboard;
			sourceTree = "<group>";
		};
/* End PBXVariantGroup section */

/* Begin XCBuildConfiguration section */
		A21245541FEADEF20040E8E8 /* Debug */ = {
			isa = XCBuildConfiguration;
			buildSettings = {
				ALWAYS_SEARCH_USER_PATHS = NO;
				CLANG_ANALYZER_NONNULL = YES;
				CLANG_ANALYZER_NUMBER_OBJECT_CONVERSION = YES_AGGRESSIVE;
				CLANG_CXX_LANGUAGE_STANDARD = "gnu++14";
				CLANG_CXX_LIBRARY = "libc++";
				CLANG_ENABLE_MODULES = YES;
				CLANG_ENABLE_OBJC_ARC = YES;
				CLANG_WARN_BLOCK_CAPTURE_AUTORELEASING = YES;
				CLANG_WARN_BOOL_CONVERSION = YES;
				CLANG_WARN_COMMA = YES;
				CLANG_WARN_CONSTANT_CONVERSION = YES;
				CLANG_WARN_DIRECT_OBJC_ISA_USAGE = YES_ERROR;
				CLANG_WARN_DOCUMENTATION_COMMENTS = YES;
				CLANG_WARN_EMPTY_BODY = YES;
				CLANG_WARN_ENUM_CONVERSION = YES;
				CLANG_WARN_INFINITE_RECURSION = YES;
				CLANG_WARN_INT_CONVERSION = YES;
				CLANG_WARN_NON_LITERAL_NULL_CONVERSION = YES;
				CLANG_WARN_OBJC_LITERAL_CONVERSION = YES;
				CLANG_WARN_OBJC_ROOT_CLASS = YES_ERROR;
				CLANG_WARN_RANGE_LOOP_ANALYSIS = YES;
				CLANG_WARN_STRICT_PROTOTYPES = YES;
				CLANG_WARN_SUSPICIOUS_MOVE = YES;
				CLANG_WARN_UNGUARDED_AVAILABILITY = YES_AGGRESSIVE;
				CLANG_WARN_UNREACHABLE_CODE = YES;
				CLANG_WARN__DUPLICATE_METHOD_MATCH = YES;
				CODE_SIGN_IDENTITY = "iPhone Developer";
				COPY_PHASE_STRIP = NO;
				DEBUG_INFORMATION_FORMAT = dwarf;
				ENABLE_STRICT_OBJC_MSGSEND = YES;
				ENABLE_TESTABILITY = YES;
				GCC_C_LANGUAGE_STANDARD = gnu11;
				GCC_DYNAMIC_NO_PIC = NO;
				GCC_NO_COMMON_BLOCKS = YES;
				GCC_OPTIMIZATION_LEVEL = 0;
				GCC_PREPROCESSOR_DEFINITIONS = (
					"DEBUG=1",
					"$(inherited)",
				);
				GCC_WARN_64_TO_32_BIT_CONVERSION = YES;
				GCC_WARN_ABOUT_RETURN_TYPE = YES_ERROR;
				GCC_WARN_UNDECLARED_SELECTOR = YES;
				GCC_WARN_UNINITIALIZED_AUTOS = YES_AGGRESSIVE;
				GCC_WARN_UNUSED_FUNCTION = YES;
				GCC_WARN_UNUSED_VARIABLE = YES;
				IPHONEOS_DEPLOYMENT_TARGET = 11.0;
				MTL_ENABLE_DEBUG_INFO = YES;
				ONLY_ACTIVE_ARCH = YES;
				SDKROOT = iphoneos;
				SWIFT_ACTIVE_COMPILATION_CONDITIONS = DEBUG;
				SWIFT_OPTIMIZATION_LEVEL = "-Onone";
			};
			name = Debug;
		};
		A21245551FEADEF20040E8E8 /* Release */ = {
			isa = XCBuildConfiguration;
			buildSettings = {
				ALWAYS_SEARCH_USER_PATHS = NO;
				CLANG_ANALYZER_NONNULL = YES;
				CLANG_ANALYZER_NUMBER_OBJECT_CONVERSION = YES_AGGRESSIVE;
				CLANG_CXX_LANGUAGE_STANDARD = "gnu++14";
				CLANG_CXX_LIBRARY = "libc++";
				CLANG_ENABLE_MODULES = YES;
				CLANG_ENABLE_OBJC_ARC = YES;
				CLANG_WARN_BLOCK_CAPTURE_AUTORELEASING = YES;
				CLANG_WARN_BOOL_CONVERSION = YES;
				CLANG_WARN_COMMA = YES;
				CLANG_WARN_CONSTANT_CONVERSION = YES;
				CLANG_WARN_DIRECT_OBJC_ISA_USAGE = YES_ERROR;
				CLANG_WARN_DOCUMENTATION_COMMENTS = YES;
				CLANG_WARN_EMPTY_BODY = YES;
				CLANG_WARN_ENUM_CONVERSION = YES;
				CLANG_WARN_INFINITE_RECURSION = YES;
				CLANG_WARN_INT_CONVERSION = YES;
				CLANG_WARN_NON_LITERAL_NULL_CONVERSION = YES;
				CLANG_WARN_OBJC_LITERAL_CONVERSION = YES;
				CLANG_WARN_OBJC_ROOT_CLASS = YES_ERROR;
				CLANG_WARN_RANGE_LOOP_ANALYSIS = YES;
				CLANG_WARN_STRICT_PROTOTYPES = YES;
				CLANG_WARN_SUSPICIOUS_MOVE = YES;
				CLANG_WARN_UNGUARDED_AVAILABILITY = YES_AGGRESSIVE;
				CLANG_WARN_UNREACHABLE_CODE = YES;
				CLANG_WARN__DUPLICATE_METHOD_MATCH = YES;
				CODE_SIGN_IDENTITY = "iPhone Developer";
				COPY_PHASE_STRIP = NO;
				DEBUG_INFORMATION_FORMAT = "dwarf-with-dsym";
				ENABLE_NS_ASSERTIONS = NO;
				ENABLE_STRICT_OBJC_MSGSEND = YES;
				GCC_C_LANGUAGE_STANDARD = gnu11;
				GCC_NO_COMMON_BLOCKS = YES;
				GCC_WARN_64_TO_32_BIT_CONVERSION = YES;
				GCC_WARN_ABOUT_RETURN_TYPE = YES_ERROR;
				GCC_WARN_UNDECLARED_SELECTOR = YES;
				GCC_WARN_UNINITIALIZED_AUTOS = YES_AGGRESSIVE;
				GCC_WARN_UNUSED_FUNCTION = YES;
				GCC_WARN_UNUSED_VARIABLE = YES;
				IPHONEOS_DEPLOYMENT_TARGET = 11.0;
				MTL_ENABLE_DEBUG_INFO = NO;
				SDKROOT = iphoneos;
				SWIFT_OPTIMIZATION_LEVEL = "-Owholemodule";
				VALIDATE_PRODUCT = YES;
			};
			name = Release;
		};
		A21245571FEADEF20040E8E8 /* Debug */ = {
			isa = XCBuildConfiguration;
			buildSettings = {
				ASSETCATALOG_COMPILER_APPICON_NAME = AppIcon;
				CODE_SIGN_STYLE = Automatic;
				DEVELOPMENT_TEAM = KDPF3E74S5;
				INFOPLIST_FILE = POC3/Info.plist;
				LD_RUNPATH_SEARCH_PATHS = "$(inherited) @executable_path/Frameworks";
				PRODUCT_BUNDLE_IDENTIFIER = com.VG.POC3;
				PRODUCT_NAME = "$(TARGET_NAME)";
				SWIFT_VERSION = 4.0;
				TARGETED_DEVICE_FAMILY = "1,2";
			};
			name = Debug;
		};
		A21245581FEADEF20040E8E8 /* Release */ = {
			isa = XCBuildConfiguration;
			buildSettings = {
				ASSETCATALOG_COMPILER_APPICON_NAME = AppIcon;
				CODE_SIGN_STYLE = Automatic;
				DEVELOPMENT_TEAM = KDPF3E74S5;
				INFOPLIST_FILE = POC3/Info.plist;
				LD_RUNPATH_SEARCH_PATHS = "$(inherited) @executable_path/Frameworks";
				PRODUCT_BUNDLE_IDENTIFIER = com.VG.POC3;
				PRODUCT_NAME = "$(TARGET_NAME)";
				SWIFT_VERSION = 4.0;
				TARGETED_DEVICE_FAMILY = "1,2";
			};
			name = Release;
		};
		A212455A1FEADEF20040E8E8 /* Debug */ = {
			isa = XCBuildConfiguration;
			buildSettings = {
				ALWAYS_EMBED_SWIFT_STANDARD_LIBRARIES = YES;
				BUNDLE_LOADER = "$(TEST_HOST)";
				CODE_SIGN_STYLE = Automatic;
				INFOPLIST_FILE = POC3Tests/Info.plist;
				LD_RUNPATH_SEARCH_PATHS = "$(inherited) @executable_path/Frameworks @loader_path/Frameworks";
				PRODUCT_BUNDLE_IDENTIFIER = com.VG.POC3Tests;
				PRODUCT_NAME = "$(TARGET_NAME)";
				SWIFT_VERSION = 4.0;
				TARGETED_DEVICE_FAMILY = "1,2";
				TEST_HOST = "$(BUILT_PRODUCTS_DIR)/POC3.app/POC3";
			};
			name = Debug;
		};
		A212455B1FEADEF20040E8E8 /* Release */ = {
			isa = XCBuildConfiguration;
			buildSettings = {
				ALWAYS_EMBED_SWIFT_STANDARD_LIBRARIES = YES;
				BUNDLE_LOADER = "$(TEST_HOST)";
				CODE_SIGN_STYLE = Automatic;
				INFOPLIST_FILE = POC3Tests/Info.plist;
				LD_RUNPATH_SEARCH_PATHS = "$(inherited) @executable_path/Frameworks @loader_path/Frameworks";
				PRODUCT_BUNDLE_IDENTIFIER = com.VG.POC3Tests;
				PRODUCT_NAME = "$(TARGET_NAME)";
				SWIFT_VERSION = 4.0;
				TARGETED_DEVICE_FAMILY = "1,2";
				TEST_HOST = "$(BUILT_PRODUCTS_DIR)/POC3.app/POC3";
			};
			name = Release;
		};
		A212455D1FEADEF20040E8E8 /* Debug */ = {
			isa = XCBuildConfiguration;
			buildSettings = {
				ALWAYS_EMBED_SWIFT_STANDARD_LIBRARIES = YES;
				CODE_SIGN_STYLE = Automatic;
				INFOPLIST_FILE = POC3UITests/Info.plist;
				LD_RUNPATH_SEARCH_PATHS = "$(inherited) @executable_path/Frameworks @loader_path/Frameworks";
				PRODUCT_BUNDLE_IDENTIFIER = com.VG.POC3UITests;
				PRODUCT_NAME = "$(TARGET_NAME)";
				SWIFT_VERSION = 4.0;
				TARGETED_DEVICE_FAMILY = "1,2";
				TEST_TARGET_NAME = POC3;
			};
			name = Debug;
		};
		A212455E1FEADEF20040E8E8 /* Release */ = {
			isa = XCBuildConfiguration;
			buildSettings = {
				ALWAYS_EMBED_SWIFT_STANDARD_LIBRARIES = YES;
				CODE_SIGN_STYLE = Automatic;
				INFOPLIST_FILE = POC3UITests/Info.plist;
				LD_RUNPATH_SEARCH_PATHS = "$(inherited) @executable_path/Frameworks @loader_path/Frameworks";
				PRODUCT_BUNDLE_IDENTIFIER = com.VG.POC3UITests;
				PRODUCT_NAME = "$(TARGET_NAME)";
				SWIFT_VERSION = 4.0;
				TARGETED_DEVICE_FAMILY = "1,2";
				TEST_TARGET_NAME = POC3;
			};
			name = Release;
		};
/* End XCBuildConfiguration section */

/* Begin XCConfigurationList section */
		A21245291FEADEF20040E8E8 /* Build configuration list for PBXProject "POC3" */ = {
			isa = XCConfigurationList;
			buildConfigurations = (
				A21245541FEADEF20040E8E8 /* Debug */,
				A21245551FEADEF20040E8E8 /* Release */,
			);
			defaultConfigurationIsVisible = 0;
			defaultConfigurationName = Release;
		};
		A21245561FEADEF20040E8E8 /* Build configuration list for PBXNativeTarget "POC3" */ = {
			isa = XCConfigurationList;
			buildConfigurations = (
				A21245571FEADEF20040E8E8 /* Debug */,
				A21245581FEADEF20040E8E8 /* Release */,
			);
			defaultConfigurationIsVisible = 0;
			defaultConfigurationName = Release;
		};
		A21245591FEADEF20040E8E8 /* Build configuration list for PBXNativeTarget "POC3Tests" */ = {
			isa = XCConfigurationList;
			buildConfigurations = (
				A212455A1FEADEF20040E8E8 /* Debug */,
				A212455B1FEADEF20040E8E8 /* Release */,
			);
			defaultConfigurationIsVisible = 0;
			defaultConfigurationName = Release;
		};
		A212455C1FEADEF20040E8E8 /* Build configuration list for PBXNativeTarget "POC3UITests" */ = {
			isa = XCConfigurationList;
			buildConfigurations = (
				A212455D1FEADEF20040E8E8 /* Debug */,
				A212455E1FEADEF20040E8E8 /* Release */,
			);
			defaultConfigurationIsVisible = 0;
			defaultConfigurationName = Release;
		};
/* End XCConfigurationList section */
	};
	rootObject = A21245261FEADEF20040E8E8 /* Project object */;
}
